<?xml version="1.0" encoding="utf-8"?>
<Project ToolsVersion="4.0" xmlns="http://schemas.microsoft.com/developer/msbuild/2003">
  <ItemGroup>
    <Filter Include="Source Files">
      <UniqueIdentifier>{4FC737F1-C7A5-4376-A066-2A32D752A2FF}</UniqueIdentifier>
      <Extensions>cpp;c;cc;cxx;c++;cppm;ixx;def;odl;idl;hpj;bat;asm;asmx</Extensions>
    </Filter>
    <Filter Include="Header Files">
      <UniqueIdentifier>{93995380-89BD-4b04-88EB-625FBE52EBFB}</UniqueIdentifier>
      <Extensions>h;hh;hpp;hxx;h++;hm;inl;inc;ipp;xsd</Extensions>
    </Filter>
    <Filter Include="Resource Files">
      <UniqueIdentifier>{67DA6AB6-F800-4c08-8B7A-83BB121AAD01}</UniqueIdentifier>
      <Extensions>rc;ico;cur;bmp;dlg;rc2;rct;bin;rgs;gif;jpg;jpeg;jpe;resx;tiff;tif;png;wav;mfcribbon-ms</Extensions>
    </Filter>
    <Filter Include="Class Header">
      <UniqueIdentifier>{cf0877c9-8008-4d62-a1ed-f58e1fbbbaff}</UniqueIdentifier>
    </Filter>
    <Filter Include="Class Cpp">
      <UniqueIdentifier>{f4c9a7a5-6675-4553-a648-1ef87d1633de}</UniqueIdentifier>
    </Filter>
  </ItemGroup>
  <ItemGroup>
    <ClCompile Include="Source.cpp">
      <Filter>Source Files</Filter>
    </ClCompile>
    <ClCompile Include="Computer.cpp">
      <Filter>Class Cpp</Filter>
    </ClCompile>
    <ClCompile Include="Divice.cpp">
      <Filter>Class Cpp</Filter>
    </ClCompile>
    <ClCompile Include="IPhone.cpp">
      <Filter>Class Cpp</Filter>
    </ClCompile>
    <ClCompile Include="Keyboard.cpp">
      <Filter>Class Cpp</Filter>
    </ClCompile>
    <ClCompile Include="Mouse.cpp">
      <Filter>Class Cpp</Filter>
    </ClCompile>
    <ClCompile Include="Weapon.cpp">
      <Filter>Class Cpp</Filter>
    </ClCompile>
    <ClCompile Include="Vector3.cpp">
      <Filter>Class Cpp</Filter>
    </ClCompile>
    <ClCompile Include="Sword.cpp">
      <Filter>Class Cpp</Filter>
    </ClCompile>
    <ClCompile Include="Marine.cpp">
      <Filter>Class Cpp</Filter>
    </ClCompile>
    <ClCompile Include="Unit.cpp">
      <Filter>Class Cpp</Filter>
    </ClCompile>
    <ClCompile Include="Ghost.cpp">
      <Filter>Class Cpp</Filter>
    </ClCompile>
    <ClCompile Include="Item.cpp">
      <Filter>Class Cpp</Filter>
    </ClCompile>
    <ClCompile Include="Animal.cpp">
      <Filter>Class Cpp</Filter>
    </ClCompile>
    <ClCompile Include="Carnivore.cpp">
      <Filter>Class Cpp</Filter>
    </ClCompile>
    <ClCompile Include="Tiger.cpp">
      <Filter>Class Cpp</Filter>
    </ClCompile>
    <ClCompile Include="Lion.cpp">
      <Filter>Class Cpp</Filter>
    </ClCompile>
  </ItemGroup>
  <ItemGroup>
    <ClInclude Include="(2023.6.12) 입출력.h">
      <Filter>Header Files</Filter>
    </ClInclude>
    <ClInclude Include="(2023.6.13) 이름 공간.h">
      <Filter>Header Files</Filter>
    </ClInclude>
    <ClInclude Include="(2023.6.14) 클래스.h">
      <Filter>Header Files</Filter>
    </ClInclude>
    <ClInclude Include="(2023.6.15) 생성자와 소멸자.h">
      <Filter>Header Files</Filter>
    </ClInclude>
    <ClInclude Include="(2023.6.16) 얕은 복사와 깊은 복사.h">
      <Filter>Header Files</Filter>
    </ClInclude>
    <ClInclude Include="(2023.6.19) 상속.h">
      <Filter>Header Files</Filter>
    </ClInclude>
    <ClInclude Include="Computer.h">
      <Filter>Class Header</Filter>
    </ClInclude>
    <ClInclude Include="DataFile.h">
      <Filter>Class Header</Filter>
    </ClInclude>
    <ClInclude Include="Divice.h">
      <Filter>Class Header</Filter>
    </ClInclude>
    <ClInclude Include="IPhone.h">
      <Filter>Class Header</Filter>
    </ClInclude>
    <ClInclude Include="Keyboard.h">
      <Filter>Class Header</Filter>
    </ClInclude>
    <ClInclude Include="Mouse.h">
      <Filter>Class Header</Filter>
    </ClInclude>
    <ClInclude Include="Weapon.h">
      <Filter>Class Header</Filter>
    </ClInclude>
    <ClInclude Include="(2023.6.20) 다중 상속.h">
      <Filter>Header Files</Filter>
    </ClInclude>
    <ClInclude Include="Vector3.h">
      <Filter>Class Header</Filter>
    </ClInclude>
    <ClInclude Include="(2023.6.21) 오버로딩.h">
      <Filter>Header Files</Filter>
    </ClInclude>
    <ClInclude Include="Sword.h">
      <Filter>Class Header</Filter>
    </ClInclude>
    <ClInclude Include="(2023.6.22) 가상 함수.h">
      <Filter>Header Files</Filter>
    </ClInclude>
    <ClInclude Include="Marine.h">
      <Filter>Class Header</Filter>
    </ClInclude>
    <ClInclude Include="Unit.h">
      <Filter>Class Header</Filter>
    </ClInclude>
    <ClInclude Include="(2023.6.23) 순수 가상 함수.h">
      <Filter>Header Files</Filter>
    </ClInclude>
    <ClInclude Include="Ghost.h">
      <Filter>Class Header</Filter>
    </ClInclude>
    <ClInclude Include="(2023.6.26) 업 캐스팅.h">
      <Filter>Header Files</Filter>
    </ClInclude>
    <ClInclude Include="Item.h">
      <Filter>Class Header</Filter>
    </ClInclude>
    <ClInclude Include="(2023.6.27) 스마트 포인터.h">
      <Filter>Header Files</Filter>
    </ClInclude>
    <ClInclude Include="(2023.6.28) 템플릿.h">
      <Filter>Header Files</Filter>
    </ClInclude>
    <ClInclude Include="Animal.h">
      <Filter>Class Header</Filter>
    </ClInclude>
    <ClInclude Include="Carnivore.h">
      <Filter>Class Header</Filter>
    </ClInclude>
    <ClInclude Include="Tiger.h">
      <Filter>Class Header</Filter>
    </ClInclude>
    <ClInclude Include="Lion.h">
      <Filter>Class Cpp</Filter>
    </ClInclude>
    <ClInclude Include="(2023.6.29) 예외 처리.h">
      <Filter>Header Files</Filter>
    </ClInclude>
    <ClInclude Include="(2023.6.30) 다운 캐스팅.h">
      <Filter>Header Files</Filter>
    </ClInclude>
  </ItemGroup>
</Project>